{
    "_readme": [
        "This file locks the dependencies of your project to a known state",
        "Read more about it at https://getcomposer.org/doc/01-basic-usage.md#composer-lock-the-lock-file",
        "This file is @generated automatically"
    ],
    "content-hash": "bb3ed452e63449c88c964e04b2c47fb0",
    "packages": [
        {
            "name": "socialtechio/slow-storage-emulator",
            "version": "dev-master",
            "source": {
                "type": "git",
                "url": "https://github.com/socialtechio/slow-storage-emulator.git",
                "reference": "222536f6104a84ac21f6b059712f32b5ae702dec"
            },
            "dist": {
                "type": "zip",
                "url": "https://api.github.com/repos/socialtechio/slow-storage-emulator/zipball/222536f6104a84ac21f6b059712f32b5ae702dec",
                "reference": "222536f6104a84ac21f6b059712f32b5ae702dec",
                "shasum": ""
            },
            "require": {
                "php": "^7.1"
            },
            "type": "library",
            "autoload": {
                "classmap": [
                    "src/"
                ]
            },
            "license": [
                "MIT"
            ],
            "authors": [
                {
                    "name": "Yuriy Prokopets",
                    "email": "yuriy.prokopets@victoriabrides.com"
                }
            ],
            "description": "Slow storage emulator",
            "support": {
                "source": "https://github.com/socialtechio/slow-storage-emulator/tree/master",
                "issues": "https://github.com/socialtechio/slow-storage-emulator/issues"
            },
            "time": "2018-08-29T08:31:37+00:00"
        }
    ],
    "packages-dev": [],
    "aliases": [],
    "minimum-stability": "dev",
    "stability-flags": [],
    "prefer-stable": false,
    "prefer-lowest": false,
    "platform": {
        "php": "^7.1"
    },
    "platform-dev": []
}
