{
    "_readme": [
        "This file locks the dependencies of your project to a known state",
        "Read more about it at https://getcomposer.org/doc/01-basic-usage.md#installing-dependencies",
        "This file is @generated automatically"
    ],
    "content-hash": "bb3ed452e63449c88c964e04b2c47fb0",
    "packages": [
        {
            "name": "socialtechio/slow-storage-emulator",
            "version": "dev-master",
            "source": {
                "type": "git",
                "url": "https://github.com/socialtechio/slow-storage-emulator.git",
                "reference": "fb94b3acc796bd55825514ccd7a16ea84858ca85"
            },
            "dist": {
                "type": "zip",
                "url": "https://api.github.com/repos/socialtechio/slow-storage-emulator/zipball/fb94b3acc796bd55825514ccd7a16ea84858ca85",
                "reference": "fb94b3acc796bd55825514ccd7a16ea84858ca85",
                "shasum": ""
            },
            "require": {
                "php": "^7.1"
            },
            "default-branch": true,
            "type": "library",
            "autoload": {
                "classmap": [
                    "src/"
                ]
            },
            "license": [
                "MIT"
            ],
            "authors": [
                {
                    "name": "SocialTech"
                }
            ],
            "description": "Slow storage emulator",
            "support": {
                "source": "https://github.com/socialtechio/slow-storage-emulator/tree/master",
                "issues": "https://github.com/socialtechio/slow-storage-emulator/issues"
            },
            "time": "2021-09-09T08:50:49+00:00"
        }
    ],
    "packages-dev": [],
    "aliases": [],
    "minimum-stability": "dev",
    "stability-flags": [],
    "prefer-stable": false,
    "prefer-lowest": false,
    "platform": {
        "php": "^7.1"
    },
    "platform-dev": [],
    "plugin-api-version": "2.0.0"
}
